
Microsoft Visual Studio Solution File, Format Version 12.00
# Visual Studio 14
VisualStudioVersion = 14.0.24720.0
MinimumVisualStudioVersion = 10.0.40219.1
Project("{FAE04EC0-301F-11D3-BF4B-00C04F79EFBC}") = "currency_converter", "currency-converter\currency_converter\currency_converter.csproj", "{BE4E2BFC-E446-41B8-AEBA-F2BF1D6687B6}"
EndProject
Project("{FAE04EC0-301F-11D3-BF4B-00C04F79EFBC}") = "currency_converter.Droid", "currency-converter\currency_converter.Droid\currency_converter.Droid.csproj", "{2C9004A7-6150-458B-ADF5-DFB5ECFDFA44}"
EndProject
Project("{FAE04EC0-301F-11D3-BF4B-00C04F79EFBC}") = "currency_converter.iOS", "currency-converter\currency_converter.iOS\currency_converter.iOS.csproj", "{6C99762B-8E75-4D9E-9B80-C928F9E98E89}"
EndProject
Project("{FAE04EC0-301F-11D3-BF4B-00C04F79EFBC}") = "currency_converter.WinPhone", "currency-converter\currency_converter.WinPhone\currency_converter.WinPhone.csproj", "{932BFBBE-416F-47BE-B19D-85EAB6FEAE79}"
EndProject
Project("{FAE04EC0-301F-11D3-BF4B-00C04F79EFBC}") = "currency_converter.UWP", "currency-converter\currency_converter.UWP\currency_converter.UWP.csproj", "{198710E6-A139-47CF-A67B-46F90B2B161A}"
EndProject
Project("{FAE04EC0-301F-11D3-BF4B-00C04F79EFBC}") = "currency_converter.Windows", "currency-converter\currency_converter.Windows\currency_converter.Windows.csproj", "{8E669C66-23C5-4ECA-A1CE-D633BD9FD481}"
EndProject
Global
	GlobalSection(SolutionConfigurationPlatforms) = preSolution
		Ad-Hoc|Any CPU = Ad-Hoc|Any CPU
		Ad-Hoc|ARM = Ad-Hoc|ARM
		Ad-Hoc|iPhone = Ad-Hoc|iPhone
		Ad-Hoc|iPhoneSimulator = Ad-Hoc|iPhoneSimulator
		Ad-Hoc|x64 = Ad-Hoc|x64
		Ad-Hoc|x86 = Ad-Hoc|x86
		AppStore|Any CPU = AppStore|Any CPU
		AppStore|ARM = AppStore|ARM
		AppStore|iPhone = AppStore|iPhone
		AppStore|iPhoneSimulator = AppStore|iPhoneSimulator
		AppStore|x64 = AppStore|x64
		AppStore|x86 = AppStore|x86
		Debug|Any CPU = Debug|Any CPU
		Debug|ARM = Debug|ARM
		Debug|iPhone = Debug|iPhone
		Debug|iPhoneSimulator = Debug|iPhoneSimulator
		Debug|x64 = Debug|x64
		Debug|x86 = Debug|x86
		Release|Any CPU = Release|Any CPU
		Release|ARM = Release|ARM
		Release|iPhone = Release|iPhone
		Release|iPhoneSimulator = Release|iPhoneSimulator
		Release|x64 = Release|x64
		Release|x86 = Release|x86
	EndGlobalSection
	GlobalSection(ProjectConfigurationPlatforms) = postSolution
		{BE4E2BFC-E446-41B8-AEBA-F2BF1D6687B6}.Ad-Hoc|Any CPU.ActiveCfg = Release|Any CPU
		{BE4E2BFC-E446-41B8-AEBA-F2BF1D6687B6}.Ad-Hoc|Any CPU.Build.0 = Release|Any CPU
		{BE4E2BFC-E446-41B8-AEBA-F2BF1D6687B6}.Ad-Hoc|ARM.ActiveCfg = Release|Any CPU
		{BE4E2BFC-E446-41B8-AEBA-F2BF1D6687B6}.Ad-Hoc|ARM.Build.0 = Release|Any CPU
		{BE4E2BFC-E446-41B8-AEBA-F2BF1D6687B6}.Ad-Hoc|iPhone.ActiveCfg = Release|Any CPU
		{BE4E2BFC-E446-41B8-AEBA-F2BF1D6687B6}.Ad-Hoc|iPhone.Build.0 = Release|Any CPU
		{BE4E2BFC-E446-41B8-AEBA-F2BF1D6687B6}.Ad-Hoc|iPhoneSimulator.ActiveCfg = Release|Any CPU
		{BE4E2BFC-E446-41B8-AEBA-F2BF1D6687B6}.Ad-Hoc|iPhoneSimulator.Build.0 = Release|Any CPU
		{BE4E2BFC-E446-41B8-AEBA-F2BF1D6687B6}.Ad-Hoc|x64.ActiveCfg = Release|Any CPU
		{BE4E2BFC-E446-41B8-AEBA-F2BF1D6687B6}.Ad-Hoc|x64.Build.0 = Release|Any CPU
		{BE4E2BFC-E446-41B8-AEBA-F2BF1D6687B6}.Ad-Hoc|x86.ActiveCfg = Release|Any CPU
		{BE4E2BFC-E446-41B8-AEBA-F2BF1D6687B6}.Ad-Hoc|x86.Build.0 = Release|Any CPU
		{BE4E2BFC-E446-41B8-AEBA-F2BF1D6687B6}.AppStore|Any CPU.ActiveCfg = Release|Any CPU
		{BE4E2BFC-E446-41B8-AEBA-F2BF1D6687B6}.AppStore|Any CPU.Build.0 = Release|Any CPU
		{BE4E2BFC-E446-41B8-AEBA-F2BF1D6687B6}.AppStore|ARM.ActiveCfg = Release|Any CPU
		{BE4E2BFC-E446-41B8-AEBA-F2BF1D6687B6}.AppStore|ARM.Build.0 = Release|Any CPU
		{BE4E2BFC-E446-41B8-AEBA-F2BF1D6687B6}.AppStore|iPhone.ActiveCfg = Release|Any CPU
		{BE4E2BFC-E446-41B8-AEBA-F2BF1D6687B6}.AppStore|iPhone.Build.0 = Release|Any CPU
		{BE4E2BFC-E446-41B8-AEBA-F2BF1D6687B6}.AppStore|iPhoneSimulator.ActiveCfg = Release|Any CPU
		{BE4E2BFC-E446-41B8-AEBA-F2BF1D6687B6}.AppStore|iPhoneSimulator.Build.0 = Release|Any CPU
		{BE4E2BFC-E446-41B8-AEBA-F2BF1D6687B6}.AppStore|x64.ActiveCfg = Release|Any CPU
		{BE4E2BFC-E446-41B8-AEBA-F2BF1D6687B6}.AppStore|x64.Build.0 = Release|Any CPU
		{BE4E2BFC-E446-41B8-AEBA-F2BF1D6687B6}.AppStore|x86.ActiveCfg = Release|Any CPU
		{BE4E2BFC-E446-41B8-AEBA-F2BF1D6687B6}.AppStore|x86.Build.0 = Release|Any CPU
		{BE4E2BFC-E446-41B8-AEBA-F2BF1D6687B6}.Debug|Any CPU.ActiveCfg = Debug|Any CPU
		{BE4E2BFC-E446-41B8-AEBA-F2BF1D6687B6}.Debug|Any CPU.Build.0 = Debug|Any CPU
		{BE4E2BFC-E446-41B8-AEBA-F2BF1D6687B6}.Debug|ARM.ActiveCfg = Debug|Any CPU
		{BE4E2BFC-E446-41B8-AEBA-F2BF1D6687B6}.Debug|ARM.Build.0 = Debug|Any CPU
		{BE4E2BFC-E446-41B8-AEBA-F2BF1D6687B6}.Debug|iPhone.ActiveCfg = Debug|Any CPU
		{BE4E2BFC-E446-41B8-AEBA-F2BF1D6687B6}.Debug|iPhone.Build.0 = Debug|Any CPU
		{BE4E2BFC-E446-41B8-AEBA-F2BF1D6687B6}.Debug|iPhoneSimulator.ActiveCfg = Debug|Any CPU
		{BE4E2BFC-E446-41B8-AEBA-F2BF1D6687B6}.Debug|iPhoneSimulator.Build.0 = Debug|Any CPU
		{BE4E2BFC-E446-41B8-AEBA-F2BF1D6687B6}.Debug|x64.ActiveCfg = Debug|Any CPU
		{BE4E2BFC-E446-41B8-AEBA-F2BF1D6687B6}.Debug|x64.Build.0 = Debug|Any CPU
		{BE4E2BFC-E446-41B8-AEBA-F2BF1D6687B6}.Debug|x86.ActiveCfg = Debug|Any CPU
		{BE4E2BFC-E446-41B8-AEBA-F2BF1D6687B6}.Debug|x86.Build.0 = Debug|Any CPU
		{BE4E2BFC-E446-41B8-AEBA-F2BF1D6687B6}.Release|Any CPU.ActiveCfg = Release|Any CPU
		{BE4E2BFC-E446-41B8-AEBA-F2BF1D6687B6}.Release|Any CPU.Build.0 = Release|Any CPU
		{BE4E2BFC-E446-41B8-AEBA-F2BF1D6687B6}.Release|ARM.ActiveCfg = Release|Any CPU
		{BE4E2BFC-E446-41B8-AEBA-F2BF1D6687B6}.Release|ARM.Build.0 = Release|Any CPU
		{BE4E2BFC-E446-41B8-AEBA-F2BF1D6687B6}.Release|iPhone.ActiveCfg = Release|Any CPU
		{BE4E2BFC-E446-41B8-AEBA-F2BF1D6687B6}.Release|iPhone.Build.0 = Release|Any CPU
		{BE4E2BFC-E446-41B8-AEBA-F2BF1D6687B6}.Release|iPhoneSimulator.ActiveCfg = Release|Any CPU
		{BE4E2BFC-E446-41B8-AEBA-F2BF1D6687B6}.Release|iPhoneSimulator.Build.0 = Release|Any CPU
		{BE4E2BFC-E446-41B8-AEBA-F2BF1D6687B6}.Release|x64.ActiveCfg = Release|Any CPU
		{BE4E2BFC-E446-41B8-AEBA-F2BF1D6687B6}.Release|x64.Build.0 = Release|Any CPU
		{BE4E2BFC-E446-41B8-AEBA-F2BF1D6687B6}.Release|x86.ActiveCfg = Release|Any CPU
		{BE4E2BFC-E446-41B8-AEBA-F2BF1D6687B6}.Release|x86.Build.0 = Release|Any CPU
		{2C9004A7-6150-458B-ADF5-DFB5ECFDFA44}.Ad-Hoc|Any CPU.ActiveCfg = Release|Any CPU
		{2C9004A7-6150-458B-ADF5-DFB5ECFDFA44}.Ad-Hoc|Any CPU.Build.0 = Release|Any CPU
		{2C9004A7-6150-458B-ADF5-DFB5ECFDFA44}.Ad-Hoc|Any CPU.Deploy.0 = Release|Any CPU
		{2C9004A7-6150-458B-ADF5-DFB5ECFDFA44}.Ad-Hoc|ARM.ActiveCfg = Release|Any CPU
		{2C9004A7-6150-458B-ADF5-DFB5ECFDFA44}.Ad-Hoc|ARM.Build.0 = Release|Any CPU
		{2C9004A7-6150-458B-ADF5-DFB5ECFDFA44}.Ad-Hoc|ARM.Deploy.0 = Release|Any CPU
		{2C9004A7-6150-458B-ADF5-DFB5ECFDFA44}.Ad-Hoc|iPhone.ActiveCfg = Release|Any CPU
		{2C9004A7-6150-458B-ADF5-DFB5ECFDFA44}.Ad-Hoc|iPhone.Build.0 = Release|Any CPU
		{2C9004A7-6150-458B-ADF5-DFB5ECFDFA44}.Ad-Hoc|iPhone.Deploy.0 = Release|Any CPU
		{2C9004A7-6150-458B-ADF5-DFB5ECFDFA44}.Ad-Hoc|iPhoneSimulator.ActiveCfg = Release|Any CPU
		{2C9004A7-6150-458B-ADF5-DFB5ECFDFA44}.Ad-Hoc|iPhoneSimulator.Build.0 = Release|Any CPU
		{2C9004A7-6150-458B-ADF5-DFB5ECFDFA44}.Ad-Hoc|iPhoneSimulator.Deploy.0 = Release|Any CPU
		{2C9004A7-6150-458B-ADF5-DFB5ECFDFA44}.Ad-Hoc|x64.ActiveCfg = Release|Any CPU
		{2C9004A7-6150-458B-ADF5-DFB5ECFDFA44}.Ad-Hoc|x64.Build.0 = Release|Any CPU
		{2C9004A7-6150-458B-ADF5-DFB5ECFDFA44}.Ad-Hoc|x64.Deploy.0 = Release|Any CPU
		{2C9004A7-6150-458B-ADF5-DFB5ECFDFA44}.Ad-Hoc|x86.ActiveCfg = Release|Any CPU
		{2C9004A7-6150-458B-ADF5-DFB5ECFDFA44}.Ad-Hoc|x86.Build.0 = Release|Any CPU
		{2C9004A7-6150-458B-ADF5-DFB5ECFDFA44}.Ad-Hoc|x86.Deploy.0 = Release|Any CPU
		{2C9004A7-6150-458B-ADF5-DFB5ECFDFA44}.AppStore|Any CPU.ActiveCfg = Release|Any CPU
		{2C9004A7-6150-458B-ADF5-DFB5ECFDFA44}.AppStore|Any CPU.Build.0 = Release|Any CPU
		{2C9004A7-6150-458B-ADF5-DFB5ECFDFA44}.AppStore|Any CPU.Deploy.0 = Release|Any CPU
		{2C9004A7-6150-458B-ADF5-DFB5ECFDFA44}.AppStore|ARM.ActiveCfg = Release|Any CPU
		{2C9004A7-6150-458B-ADF5-DFB5ECFDFA44}.AppStore|ARM.Build.0 = Release|Any CPU
		{2C9004A7-6150-458B-ADF5-DFB5ECFDFA44}.AppStore|ARM.Deploy.0 = Release|Any CPU
		{2C9004A7-6150-458B-ADF5-DFB5ECFDFA44}.AppStore|iPhone.ActiveCfg = Release|Any CPU
		{2C9004A7-6150-458B-ADF5-DFB5ECFDFA44}.AppStore|iPhone.Build.0 = Release|Any CPU
		{2C9004A7-6150-458B-ADF5-DFB5ECFDFA44}.AppStore|iPhone.Deploy.0 = Release|Any CPU
		{2C9004A7-6150-458B-ADF5-DFB5ECFDFA44}.AppStore|iPhoneSimulator.ActiveCfg = Release|Any CPU
		{2C9004A7-6150-458B-ADF5-DFB5ECFDFA44}.AppStore|iPhoneSimulator.Build.0 = Release|Any CPU
		{2C9004A7-6150-458B-ADF5-DFB5ECFDFA44}.AppStore|iPhoneSimulator.Deploy.0 = Release|Any CPU
		{2C9004A7-6150-458B-ADF5-DFB5ECFDFA44}.AppStore|x64.ActiveCfg = Release|Any CPU
		{2C9004A7-6150-458B-ADF5-DFB5ECFDFA44}.AppStore|x64.Build.0 = Release|Any CPU
		{2C9004A7-6150-458B-ADF5-DFB5ECFDFA44}.AppStore|x64.Deploy.0 = Release|Any CPU
		{2C9004A7-6150-458B-ADF5-DFB5ECFDFA44}.AppStore|x86.ActiveCfg = Release|Any CPU
		{2C9004A7-6150-458B-ADF5-DFB5ECFDFA44}.AppStore|x86.Build.0 = Release|Any CPU
		{2C9004A7-6150-458B-ADF5-DFB5ECFDFA44}.AppStore|x86.Deploy.0 = Release|Any CPU
		{2C9004A7-6150-458B-ADF5-DFB5ECFDFA44}.Debug|Any CPU.ActiveCfg = Debug|Any CPU
		{2C9004A7-6150-458B-ADF5-DFB5ECFDFA44}.Debug|Any CPU.Build.0 = Debug|Any CPU
		{2C9004A7-6150-458B-ADF5-DFB5ECFDFA44}.Debug|Any CPU.Deploy.0 = Debug|Any CPU
		{2C9004A7-6150-458B-ADF5-DFB5ECFDFA44}.Debug|ARM.ActiveCfg = Debug|Any CPU
		{2C9004A7-6150-458B-ADF5-DFB5ECFDFA44}.Debug|ARM.Build.0 = Debug|Any CPU
		{2C9004A7-6150-458B-ADF5-DFB5ECFDFA44}.Debug|ARM.Deploy.0 = Debug|Any CPU
		{2C9004A7-6150-458B-ADF5-DFB5ECFDFA44}.Debug|iPhone.ActiveCfg = Debug|Any CPU
		{2C9004A7-6150-458B-ADF5-DFB5ECFDFA44}.Debug|iPhone.Build.0 = Debug|Any CPU
		{2C9004A7-6150-458B-ADF5-DFB5ECFDFA44}.Debug|iPhone.Deploy.0 = Debug|Any CPU
		{2C9004A7-6150-458B-ADF5-DFB5ECFDFA44}.Debug|iPhoneSimulator.ActiveCfg = Debug|Any CPU
		{2C9004A7-6150-458B-ADF5-DFB5ECFDFA44}.Debug|iPhoneSimulator.Build.0 = Debug|Any CPU
		{2C9004A7-6150-458B-ADF5-DFB5ECFDFA44}.Debug|iPhoneSimulator.Deploy.0 = Debug|Any CPU
		{2C9004A7-6150-458B-ADF5-DFB5ECFDFA44}.Debug|x64.ActiveCfg = Debug|Any CPU
		{2C9004A7-6150-458B-ADF5-DFB5ECFDFA44}.Debug|x64.Build.0 = Debug|Any CPU
		{2C9004A7-6150-458B-ADF5-DFB5ECFDFA44}.Debug|x64.Deploy.0 = Debug|Any CPU
		{2C9004A7-6150-458B-ADF5-DFB5ECFDFA44}.Debug|x86.ActiveCfg = Debug|Any CPU
		{2C9004A7-6150-458B-ADF5-DFB5ECFDFA44}.Debug|x86.Build.0 = Debug|Any CPU
		{2C9004A7-6150-458B-ADF5-DFB5ECFDFA44}.Debug|x86.Deploy.0 = Debug|Any CPU
		{2C9004A7-6150-458B-ADF5-DFB5ECFDFA44}.Release|Any CPU.ActiveCfg = Release|Any CPU
		{2C9004A7-6150-458B-ADF5-DFB5ECFDFA44}.Release|Any CPU.Build.0 = Release|Any CPU
		{2C9004A7-6150-458B-ADF5-DFB5ECFDFA44}.Release|Any CPU.Deploy.0 = Release|Any CPU
		{2C9004A7-6150-458B-ADF5-DFB5ECFDFA44}.Release|ARM.ActiveCfg = Release|Any CPU
		{2C9004A7-6150-458B-ADF5-DFB5ECFDFA44}.Release|ARM.Build.0 = Release|Any CPU
		{2C9004A7-6150-458B-ADF5-DFB5ECFDFA44}.Release|ARM.Deploy.0 = Release|Any CPU
		{2C9004A7-6150-458B-ADF5-DFB5ECFDFA44}.Release|iPhone.ActiveCfg = Release|Any CPU
		{2C9004A7-6150-458B-ADF5-DFB5ECFDFA44}.Release|iPhone.Build.0 = Release|Any CPU
		{2C9004A7-6150-458B-ADF5-DFB5ECFDFA44}.Release|iPhone.Deploy.0 = Release|Any CPU
		{2C9004A7-6150-458B-ADF5-DFB5ECFDFA44}.Release|iPhoneSimulator.ActiveCfg = Release|Any CPU
		{2C9004A7-6150-458B-ADF5-DFB5ECFDFA44}.Release|iPhoneSimulator.Build.0 = Release|Any CPU
		{2C9004A7-6150-458B-ADF5-DFB5ECFDFA44}.Release|iPhoneSimulator.Deploy.0 = Release|Any CPU
		{2C9004A7-6150-458B-ADF5-DFB5ECFDFA44}.Release|x64.ActiveCfg = Release|Any CPU
		{2C9004A7-6150-458B-ADF5-DFB5ECFDFA44}.Release|x64.Build.0 = Release|Any CPU
		{2C9004A7-6150-458B-ADF5-DFB5ECFDFA44}.Release|x64.Deploy.0 = Release|Any CPU
		{2C9004A7-6150-458B-ADF5-DFB5ECFDFA44}.Release|x86.ActiveCfg = Release|Any CPU
		{2C9004A7-6150-458B-ADF5-DFB5ECFDFA44}.Release|x86.Build.0 = Release|Any CPU
		{2C9004A7-6150-458B-ADF5-DFB5ECFDFA44}.Release|x86.Deploy.0 = Release|Any CPU
		{6C99762B-8E75-4D9E-9B80-C928F9E98E89}.Ad-Hoc|Any CPU.ActiveCfg = Ad-Hoc|iPhone
		{6C99762B-8E75-4D9E-9B80-C928F9E98E89}.Ad-Hoc|ARM.ActiveCfg = Ad-Hoc|iPhone
		{6C99762B-8E75-4D9E-9B80-C928F9E98E89}.Ad-Hoc|iPhone.ActiveCfg = Ad-Hoc|iPhone
		{6C99762B-8E75-4D9E-9B80-C928F9E98E89}.Ad-Hoc|iPhone.Build.0 = Ad-Hoc|iPhone
		{6C99762B-8E75-4D9E-9B80-C928F9E98E89}.Ad-Hoc|iPhoneSimulator.ActiveCfg = Ad-Hoc|iPhoneSimulator
		{6C99762B-8E75-4D9E-9B80-C928F9E98E89}.Ad-Hoc|iPhoneSimulator.Build.0 = Ad-Hoc|iPhoneSimulator
		{6C99762B-8E75-4D9E-9B80-C928F9E98E89}.Ad-Hoc|x64.ActiveCfg = Ad-Hoc|iPhone
		{6C99762B-8E75-4D9E-9B80-C928F9E98E89}.Ad-Hoc|x86.ActiveCfg = Ad-Hoc|iPhone
		{6C99762B-8E75-4D9E-9B80-C928F9E98E89}.AppStore|Any CPU.ActiveCfg = AppStore|iPhone
		{6C99762B-8E75-4D9E-9B80-C928F9E98E89}.AppStore|ARM.ActiveCfg = AppStore|iPhone
		{6C99762B-8E75-4D9E-9B80-C928F9E98E89}.AppStore|iPhone.ActiveCfg = AppStore|iPhone
		{6C99762B-8E75-4D9E-9B80-C928F9E98E89}.AppStore|iPhone.Build.0 = AppStore|iPhone
		{6C99762B-8E75-4D9E-9B80-C928F9E98E89}.AppStore|iPhoneSimulator.ActiveCfg = AppStore|iPhoneSimulator
		{6C99762B-8E75-4D9E-9B80-C928F9E98E89}.AppStore|iPhoneSimulator.Build.0 = AppStore|iPhoneSimulator
		{6C99762B-8E75-4D9E-9B80-C928F9E98E89}.AppStore|x64.ActiveCfg = AppStore|iPhone
		{6C99762B-8E75-4D9E-9B80-C928F9E98E89}.AppStore|x86.ActiveCfg = AppStore|iPhone
		{6C99762B-8E75-4D9E-9B80-C928F9E98E89}.Debug|Any CPU.ActiveCfg = Debug|iPhone
		{6C99762B-8E75-4D9E-9B80-C928F9E98E89}.Debug|ARM.ActiveCfg = Debug|iPhone
		{6C99762B-8E75-4D9E-9B80-C928F9E98E89}.Debug|iPhone.ActiveCfg = Debug|iPhone
		{6C99762B-8E75-4D9E-9B80-C928F9E98E89}.Debug|iPhone.Build.0 = Debug|iPhone
		{6C99762B-8E75-4D9E-9B80-C928F9E98E89}.Debug|iPhoneSimulator.ActiveCfg = Debug|iPhoneSimulator
		{6C99762B-8E75-4D9E-9B80-C928F9E98E89}.Debug|iPhoneSimulator.Build.0 = Debug|iPhoneSimulator
		{6C99762B-8E75-4D9E-9B80-C928F9E98E89}.Debug|x64.ActiveCfg = Debug|iPhone
		{6C99762B-8E75-4D9E-9B80-C928F9E98E89}.Debug|x86.ActiveCfg = Debug|iPhone
		{6C99762B-8E75-4D9E-9B80-C928F9E98E89}.Release|Any CPU.ActiveCfg = Release|iPhone
		{6C99762B-8E75-4D9E-9B80-C928F9E98E89}.Release|ARM.ActiveCfg = Release|iPhone
		{6C99762B-8E75-4D9E-9B80-C928F9E98E89}.Release|iPhone.ActiveCfg = Release|iPhone
		{6C99762B-8E75-4D9E-9B80-C928F9E98E89}.Release|iPhone.Build.0 = Release|iPhone
		{6C99762B-8E75-4D9E-9B80-C928F9E98E89}.Release|iPhoneSimulator.ActiveCfg = Release|iPhoneSimulator
		{6C99762B-8E75-4D9E-9B80-C928F9E98E89}.Release|iPhoneSimulator.Build.0 = Release|iPhoneSimulator
		{6C99762B-8E75-4D9E-9B80-C928F9E98E89}.Release|x64.ActiveCfg = Release|iPhone
		{6C99762B-8E75-4D9E-9B80-C928F9E98E89}.Release|x86.ActiveCfg = Release|iPhone
		{932BFBBE-416F-47BE-B19D-85EAB6FEAE79}.Ad-Hoc|Any CPU.ActiveCfg = Release|Any CPU
		{932BFBBE-416F-47BE-B19D-85EAB6FEAE79}.Ad-Hoc|Any CPU.Build.0 = Release|Any CPU
		{932BFBBE-416F-47BE-B19D-85EAB6FEAE79}.Ad-Hoc|Any CPU.Deploy.0 = Release|Any CPU
		{932BFBBE-416F-47BE-B19D-85EAB6FEAE79}.Ad-Hoc|ARM.ActiveCfg = Release|ARM
		{932BFBBE-416F-47BE-B19D-85EAB6FEAE79}.Ad-Hoc|ARM.Build.0 = Release|ARM
		{932BFBBE-416F-47BE-B19D-85EAB6FEAE79}.Ad-Hoc|ARM.Deploy.0 = Release|ARM
		{932BFBBE-416F-47BE-B19D-85EAB6FEAE79}.Ad-Hoc|iPhone.ActiveCfg = Release|Any CPU
		{932BFBBE-416F-47BE-B19D-85EAB6FEAE79}.Ad-Hoc|iPhone.Build.0 = Release|Any CPU
		{932BFBBE-416F-47BE-B19D-85EAB6FEAE79}.Ad-Hoc|iPhone.Deploy.0 = Release|Any CPU
		{932BFBBE-416F-47BE-B19D-85EAB6FEAE79}.Ad-Hoc|iPhoneSimulator.ActiveCfg = Release|Any CPU
		{932BFBBE-416F-47BE-B19D-85EAB6FEAE79}.Ad-Hoc|iPhoneSimulator.Build.0 = Release|Any CPU
		{932BFBBE-416F-47BE-B19D-85EAB6FEAE79}.Ad-Hoc|iPhoneSimulator.Deploy.0 = Release|Any CPU
		{932BFBBE-416F-47BE-B19D-85EAB6FEAE79}.Ad-Hoc|x64.ActiveCfg = Release|Any CPU
		{932BFBBE-416F-47BE-B19D-85EAB6FEAE79}.Ad-Hoc|x64.Build.0 = Release|Any CPU
		{932BFBBE-416F-47BE-B19D-85EAB6FEAE79}.Ad-Hoc|x64.Deploy.0 = Release|Any CPU
		{932BFBBE-416F-47BE-B19D-85EAB6FEAE79}.Ad-Hoc|x86.ActiveCfg = Release|x86
		{932BFBBE-416F-47BE-B19D-85EAB6FEAE79}.Ad-Hoc|x86.Build.0 = Release|x86
		{932BFBBE-416F-47BE-B19D-85EAB6FEAE79}.Ad-Hoc|x86.Deploy.0 = Release|x86
		{932BFBBE-416F-47BE-B19D-85EAB6FEAE79}.AppStore|Any CPU.ActiveCfg = Release|Any CPU
		{932BFBBE-416F-47BE-B19D-85EAB6FEAE79}.AppStore|Any CPU.Build.0 = Release|Any CPU
		{932BFBBE-416F-47BE-B19D-85EAB6FEAE79}.AppStore|Any CPU.Deploy.0 = Release|Any CPU
		{932BFBBE-416F-47BE-B19D-85EAB6FEAE79}.AppStore|ARM.ActiveCfg = Release|ARM
		{932BFBBE-416F-47BE-B19D-85EAB6FEAE79}.AppStore|ARM.Build.0 = Release|ARM
		{932BFBBE-416F-47BE-B19D-85EAB6FEAE79}.AppStore|ARM.Deploy.0 = Release|ARM
		{932BFBBE-416F-47BE-B19D-85EAB6FEAE79}.AppStore|iPhone.ActiveCfg = Release|Any CPU
		{932BFBBE-416F-47BE-B19D-85EAB6FEAE79}.AppStore|iPhone.Build.0 = Release|Any CPU
		{932BFBBE-416F-47BE-B19D-85EAB6FEAE79}.AppStore|iPhone.Deploy.0 = Release|Any CPU
		{932BFBBE-416F-47BE-B19D-85EAB6FEAE79}.AppStore|iPhoneSimulator.ActiveCfg = Release|Any CPU
		{932BFBBE-416F-47BE-B19D-85EAB6FEAE79}.AppStore|iPhoneSimulator.Build.0 = Release|Any CPU
		{932BFBBE-416F-47BE-B19D-85EAB6FEAE79}.AppStore|iPhoneSimulator.Deploy.0 = Release|Any CPU
		{932BFBBE-416F-47BE-B19D-85EAB6FEAE79}.AppStore|x64.ActiveCfg = Release|Any CPU
		{932BFBBE-416F-47BE-B19D-85EAB6FEAE79}.AppStore|x64.Build.0 = Release|Any CPU
		{932BFBBE-416F-47BE-B19D-85EAB6FEAE79}.AppStore|x64.Deploy.0 = Release|Any CPU
		{932BFBBE-416F-47BE-B19D-85EAB6FEAE79}.AppStore|x86.ActiveCfg = Release|x86
		{932BFBBE-416F-47BE-B19D-85EAB6FEAE79}.AppStore|x86.Build.0 = Release|x86
		{932BFBBE-416F-47BE-B19D-85EAB6FEAE79}.AppStore|x86.Deploy.0 = Release|x86
		{932BFBBE-416F-47BE-B19D-85EAB6FEAE79}.Debug|Any CPU.ActiveCfg = Debug|Any CPU
		{932BFBBE-416F-47BE-B19D-85EAB6FEAE79}.Debug|Any CPU.Build.0 = Debug|Any CPU
		{932BFBBE-416F-47BE-B19D-85EAB6FEAE79}.Debug|Any CPU.Deploy.0 = Debug|Any CPU
		{932BFBBE-416F-47BE-B19D-85EAB6FEAE79}.Debug|ARM.ActiveCfg = Debug|ARM
		{932BFBBE-416F-47BE-B19D-85EAB6FEAE79}.Debug|ARM.Build.0 = Debug|ARM
		{932BFBBE-416F-47BE-B19D-85EAB6FEAE79}.Debug|ARM.Deploy.0 = Debug|ARM
		{932BFBBE-416F-47BE-B19D-85EAB6FEAE79}.Debug|iPhone.ActiveCfg = Debug|Any CPU
		{932BFBBE-416F-47BE-B19D-85EAB6FEAE79}.Debug|iPhone.Build.0 = Debug|Any CPU
		{932BFBBE-416F-47BE-B19D-85EAB6FEAE79}.Debug|iPhone.Deploy.0 = Debug|Any CPU
		{932BFBBE-416F-47BE-B19D-85EAB6FEAE79}.Debug|iPhoneSimulator.ActiveCfg = Debug|Any CPU
		{932BFBBE-416F-47BE-B19D-85EAB6FEAE79}.Debug|iPhoneSimulator.Build.0 = Debug|Any CPU
		{932BFBBE-416F-47BE-B19D-85EAB6FEAE79}.Debug|iPhoneSimulator.Deploy.0 = Debug|Any CPU
		{932BFBBE-416F-47BE-B19D-85EAB6FEAE79}.Debug|x64.ActiveCfg = Debug|Any CPU
		{932BFBBE-416F-47BE-B19D-85EAB6FEAE79}.Debug|x64.Build.0 = Debug|Any CPU
		{932BFBBE-416F-47BE-B19D-85EAB6FEAE79}.Debug|x64.Deploy.0 = Debug|Any CPU
		{932BFBBE-416F-47BE-B19D-85EAB6FEAE79}.Debug|x86.ActiveCfg = Debug|x86
		{932BFBBE-416F-47BE-B19D-85EAB6FEAE79}.Debug|x86.Build.0 = Debug|x86
		{932BFBBE-416F-47BE-B19D-85EAB6FEAE79}.Debug|x86.Deploy.0 = Debug|x86
		{932BFBBE-416F-47BE-B19D-85EAB6FEAE79}.Release|Any CPU.ActiveCfg = Release|Any CPU
		{932BFBBE-416F-47BE-B19D-85EAB6FEAE79}.Release|Any CPU.Build.0 = Release|Any CPU
		{932BFBBE-416F-47BE-B19D-85EAB6FEAE79}.Release|Any CPU.Deploy.0 = Release|Any CPU
		{932BFBBE-416F-47BE-B19D-85EAB6FEAE79}.Release|ARM.ActiveCfg = Release|ARM
		{932BFBBE-416F-47BE-B19D-85EAB6FEAE79}.Release|ARM.Build.0 = Release|ARM
		{932BFBBE-416F-47BE-B19D-85EAB6FEAE79}.Release|ARM.Deploy.0 = Release|ARM
		{932BFBBE-416F-47BE-B19D-85EAB6FEAE79}.Release|iPhone.ActiveCfg = Release|Any CPU
		{932BFBBE-416F-47BE-B19D-85EAB6FEAE79}.Release|iPhone.Build.0 = Release|Any CPU
		{932BFBBE-416F-47BE-B19D-85EAB6FEAE79}.Release|iPhone.Deploy.0 = Release|Any CPU
		{932BFBBE-416F-47BE-B19D-85EAB6FEAE79}.Release|iPhoneSimulator.ActiveCfg = Release|Any CPU
		{932BFBBE-416F-47BE-B19D-85EAB6FEAE79}.Release|iPhoneSimulator.Build.0 = Release|Any CPU
		{932BFBBE-416F-47BE-B19D-85EAB6FEAE79}.Release|iPhoneSimulator.Deploy.0 = Release|Any CPU
		{932BFBBE-416F-47BE-B19D-85EAB6FEAE79}.Release|x64.ActiveCfg = Release|Any CPU
		{932BFBBE-416F-47BE-B19D-85EAB6FEAE79}.Release|x64.Build.0 = Release|Any CPU
		{932BFBBE-416F-47BE-B19D-85EAB6FEAE79}.Release|x64.Deploy.0 = Release|Any CPU
		{932BFBBE-416F-47BE-B19D-85EAB6FEAE79}.Release|x86.ActiveCfg = Release|x86
		{932BFBBE-416F-47BE-B19D-85EAB6FEAE79}.Release|x86.Build.0 = Release|x86
		{932BFBBE-416F-47BE-B19D-85EAB6FEAE79}.Release|x86.Deploy.0 = Release|x86
		{198710E6-A139-47CF-A67B-46F90B2B161A}.Ad-Hoc|Any CPU.ActiveCfg = Release|x86
		{198710E6-A139-47CF-A67B-46F90B2B161A}.Ad-Hoc|Any CPU.Build.0 = Release|x86
		{198710E6-A139-47CF-A67B-46F90B2B161A}.Ad-Hoc|Any CPU.Deploy.0 = Release|x86
		{198710E6-A139-47CF-A67B-46F90B2B161A}.Ad-Hoc|ARM.ActiveCfg = Release|ARM
		{198710E6-A139-47CF-A67B-46F90B2B161A}.Ad-Hoc|ARM.Build.0 = Release|ARM
		{198710E6-A139-47CF-A67B-46F90B2B161A}.Ad-Hoc|ARM.Deploy.0 = Release|ARM
		{198710E6-A139-47CF-A67B-46F90B2B161A}.Ad-Hoc|iPhone.ActiveCfg = Release|x86
		{198710E6-A139-47CF-A67B-46F90B2B161A}.Ad-Hoc|iPhone.Build.0 = Release|x86
		{198710E6-A139-47CF-A67B-46F90B2B161A}.Ad-Hoc|iPhone.Deploy.0 = Release|x86
		{198710E6-A139-47CF-A67B-46F90B2B161A}.Ad-Hoc|iPhoneSimulator.ActiveCfg = Release|x86
		{198710E6-A139-47CF-A67B-46F90B2B161A}.Ad-Hoc|iPhoneSimulator.Build.0 = Release|x86
		{198710E6-A139-47CF-A67B-46F90B2B161A}.Ad-Hoc|iPhoneSimulator.Deploy.0 = Release|x86
		{198710E6-A139-47CF-A67B-46F90B2B161A}.Ad-Hoc|x64.ActiveCfg = Release|x64
		{198710E6-A139-47CF-A67B-46F90B2B161A}.Ad-Hoc|x64.Build.0 = Release|x64
		{198710E6-A139-47CF-A67B-46F90B2B161A}.Ad-Hoc|x64.Deploy.0 = Release|x64
		{198710E6-A139-47CF-A67B-46F90B2B161A}.Ad-Hoc|x86.ActiveCfg = Release|x86
		{198710E6-A139-47CF-A67B-46F90B2B161A}.Ad-Hoc|x86.Build.0 = Release|x86
		{198710E6-A139-47CF-A67B-46F90B2B161A}.Ad-Hoc|x86.Deploy.0 = Release|x86
		{198710E6-A139-47CF-A67B-46F90B2B161A}.AppStore|Any CPU.ActiveCfg = Release|x86
		{198710E6-A139-47CF-A67B-46F90B2B161A}.AppStore|Any CPU.Build.0 = Release|x86
		{198710E6-A139-47CF-A67B-46F90B2B161A}.AppStore|Any CPU.Deploy.0 = Release|x86
		{198710E6-A139-47CF-A67B-46F90B2B161A}.AppStore|ARM.ActiveCfg = Release|ARM
		{198710E6-A139-47CF-A67B-46F90B2B161A}.AppStore|ARM.Build.0 = Release|ARM
		{198710E6-A139-47CF-A67B-46F90B2B161A}.AppStore|ARM.Deploy.0 = Release|ARM
		{198710E6-A139-47CF-A67B-46F90B2B161A}.AppStore|iPhone.ActiveCfg = Release|x86
		{198710E6-A139-47CF-A67B-46F90B2B161A}.AppStore|iPhone.Build.0 = Release|x86
		{198710E6-A139-47CF-A67B-46F90B2B161A}.AppStore|iPhone.Deploy.0 = Release|x86
		{198710E6-A139-47CF-A67B-46F90B2B161A}.AppStore|iPhoneSimulator.ActiveCfg = Release|x86
		{198710E6-A139-47CF-A67B-46F90B2B161A}.AppStore|iPhoneSimulator.Build.0 = Release|x86
		{198710E6-A139-47CF-A67B-46F90B2B161A}.AppStore|iPhoneSimulator.Deploy.0 = Release|x86
		{198710E6-A139-47CF-A67B-46F90B2B161A}.AppStore|x64.ActiveCfg = Release|x64
		{198710E6-A139-47CF-A67B-46F90B2B161A}.AppStore|x64.Build.0 = Release|x64
		{198710E6-A139-47CF-A67B-46F90B2B161A}.AppStore|x64.Deploy.0 = Release|x64
		{198710E6-A139-47CF-A67B-46F90B2B161A}.AppStore|x86.ActiveCfg = Release|x86
		{198710E6-A139-47CF-A67B-46F90B2B161A}.AppStore|x86.Build.0 = Release|x86
		{198710E6-A139-47CF-A67B-46F90B2B161A}.AppStore|x86.Deploy.0 = Release|x86
		{198710E6-A139-47CF-A67B-46F90B2B161A}.Debug|Any CPU.ActiveCfg = Debug|x86
		{198710E6-A139-47CF-A67B-46F90B2B161A}.Debug|Any CPU.Build.0 = Debug|x86
		{198710E6-A139-47CF-A67B-46F90B2B161A}.Debug|Any CPU.Deploy.0 = Debug|x86
		{198710E6-A139-47CF-A67B-46F90B2B161A}.Debug|ARM.ActiveCfg = Debug|ARM
		{198710E6-A139-47CF-A67B-46F90B2B161A}.Debug|ARM.Build.0 = Debug|ARM
		{198710E6-A139-47CF-A67B-46F90B2B161A}.Debug|ARM.Deploy.0 = Debug|ARM
		{198710E6-A139-47CF-A67B-46F90B2B161A}.Debug|iPhone.ActiveCfg = Debug|x86
		{198710E6-A139-47CF-A67B-46F90B2B161A}.Debug|iPhoneSimulator.ActiveCfg = Debug|x86
		{198710E6-A139-47CF-A67B-46F90B2B161A}.Debug|x64.ActiveCfg = Debug|x64
		{198710E6-A139-47CF-A67B-46F90B2B161A}.Debug|x64.Build.0 = Debug|x64
		{198710E6-A139-47CF-A67B-46F90B2B161A}.Debug|x64.Deploy.0 = Debug|x64
		{198710E6-A139-47CF-A67B-46F90B2B161A}.Debug|x86.ActiveCfg = Debug|x86
		{198710E6-A139-47CF-A67B-46F90B2B161A}.Debug|x86.Build.0 = Debug|x86
		{198710E6-A139-47CF-A67B-46F90B2B161A}.Debug|x86.Deploy.0 = Debug|x86
		{198710E6-A139-47CF-A67B-46F90B2B161A}.Release|Any CPU.ActiveCfg = Release|x86
		{198710E6-A139-47CF-A67B-46F90B2B161A}.Release|ARM.ActiveCfg = Release|ARM
		{198710E6-A139-47CF-A67B-46F90B2B161A}.Release|ARM.Build.0 = Release|ARM
		{198710E6-A139-47CF-A67B-46F90B2B161A}.Release|ARM.Deploy.0 = Release|ARM
		{198710E6-A139-47CF-A67B-46F90B2B161A}.Release|iPhone.ActiveCfg = Release|x86
		{198710E6-A139-47CF-A67B-46F90B2B161A}.Release|iPhoneSimulator.ActiveCfg = Release|x86
		{198710E6-A139-47CF-A67B-46F90B2B161A}.Release|x64.ActiveCfg = Release|x64
		{198710E6-A139-47CF-A67B-46F90B2B161A}.Release|x64.Build.0 = Release|x64
		{198710E6-A139-47CF-A67B-46F90B2B161A}.Release|x64.Deploy.0 = Release|x64
		{198710E6-A139-47CF-A67B-46F90B2B161A}.Release|x86.ActiveCfg = Release|x86
		{198710E6-A139-47CF-A67B-46F90B2B161A}.Release|x86.Build.0 = Release|x86
		{198710E6-A139-47CF-A67B-46F90B2B161A}.Release|x86.Deploy.0 = Release|x86
		{8E669C66-23C5-4ECA-A1CE-D633BD9FD481}.Ad-Hoc|Any CPU.ActiveCfg = Release|Any CPU
		{8E669C66-23C5-4ECA-A1CE-D633BD9FD481}.Ad-Hoc|Any CPU.Build.0 = Release|Any CPU
		{8E669C66-23C5-4ECA-A1CE-D633BD9FD481}.Ad-Hoc|Any CPU.Deploy.0 = Release|Any CPU
		{8E669C66-23C5-4ECA-A1CE-D633BD9FD481}.Ad-Hoc|ARM.ActiveCfg = Release|ARM
		{8E669C66-23C5-4ECA-A1CE-D633BD9FD481}.Ad-Hoc|ARM.Build.0 = Release|ARM
		{8E669C66-23C5-4ECA-A1CE-D633BD9FD481}.Ad-Hoc|ARM.Deploy.0 = Release|ARM
		{8E669C66-23C5-4ECA-A1CE-D633BD9FD481}.Ad-Hoc|iPhone.ActiveCfg = Release|Any CPU
		{8E669C66-23C5-4ECA-A1CE-D633BD9FD481}.Ad-Hoc|iPhone.Build.0 = Release|Any CPU
		{8E669C66-23C5-4ECA-A1CE-D633BD9FD481}.Ad-Hoc|iPhone.Deploy.0 = Release|Any CPU
		{8E669C66-23C5-4ECA-A1CE-D633BD9FD481}.Ad-Hoc|iPhoneSimulator.ActiveCfg = Release|Any CPU
		{8E669C66-23C5-4ECA-A1CE-D633BD9FD481}.Ad-Hoc|iPhoneSimulator.Build.0 = Release|Any CPU
		{8E669C66-23C5-4ECA-A1CE-D633BD9FD481}.Ad-Hoc|iPhoneSimulator.Deploy.0 = Release|Any CPU
		{8E669C66-23C5-4ECA-A1CE-D633BD9FD481}.Ad-Hoc|x64.ActiveCfg = Release|x64
		{8E669C66-23C5-4ECA-A1CE-D633BD9FD481}.Ad-Hoc|x64.Build.0 = Release|x64
		{8E669C66-23C5-4ECA-A1CE-D633BD9FD481}.Ad-Hoc|x64.Deploy.0 = Release|x64
		{8E669C66-23C5-4ECA-A1CE-D633BD9FD481}.Ad-Hoc|x86.ActiveCfg = Release|x86
		{8E669C66-23C5-4ECA-A1CE-D633BD9FD481}.Ad-Hoc|x86.Build.0 = Release|x86
		{8E669C66-23C5-4ECA-A1CE-D633BD9FD481}.Ad-Hoc|x86.Deploy.0 = Release|x86
		{8E669C66-23C5-4ECA-A1CE-D633BD9FD481}.AppStore|Any CPU.ActiveCfg = Release|Any CPU
		{8E669C66-23C5-4ECA-A1CE-D633BD9FD481}.AppStore|Any CPU.Build.0 = Release|Any CPU
		{8E669C66-23C5-4ECA-A1CE-D633BD9FD481}.AppStore|Any CPU.Deploy.0 = Release|Any CPU
		{8E669C66-23C5-4ECA-A1CE-D633BD9FD481}.AppStore|ARM.ActiveCfg = Release|ARM
		{8E669C66-23C5-4ECA-A1CE-D633BD9FD481}.AppStore|ARM.Build.0 = Release|ARM
		{8E669C66-23C5-4ECA-A1CE-D633BD9FD481}.AppStore|ARM.Deploy.0 = Release|ARM
		{8E669C66-23C5-4ECA-A1CE-D633BD9FD481}.AppStore|iPhone.ActiveCfg = Release|Any CPU
		{8E669C66-23C5-4ECA-A1CE-D633BD9FD481}.AppStore|iPhone.Build.0 = Release|Any CPU
		{8E669C66-23C5-4ECA-A1CE-D633BD9FD481}.AppStore|iPhone.Deploy.0 = Release|Any CPU
		{8E669C66-23C5-4ECA-A1CE-D633BD9FD481}.AppStore|iPhoneSimulator.ActiveCfg = Release|Any CPU
		{8E669C66-23C5-4ECA-A1CE-D633BD9FD481}.AppStore|iPhoneSimulator.Build.0 = Release|Any CPU
		{8E669C66-23C5-4ECA-A1CE-D633BD9FD481}.AppStore|iPhoneSimulator.Deploy.0 = Release|Any CPU
		{8E669C66-23C5-4ECA-A1CE-D633BD9FD481}.AppStore|x64.ActiveCfg = Release|x64
		{8E669C66-23C5-4ECA-A1CE-D633BD9FD481}.AppStore|x64.Build.0 = Release|x64
		{8E669C66-23C5-4ECA-A1CE-D633BD9FD481}.AppStore|x64.Deploy.0 = Release|x64
		{8E669C66-23C5-4ECA-A1CE-D633BD9FD481}.AppStore|x86.ActiveCfg = Release|x86
		{8E669C66-23C5-4ECA-A1CE-D633BD9FD481}.AppStore|x86.Build.0 = Release|x86
		{8E669C66-23C5-4ECA-A1CE-D633BD9FD481}.AppStore|x86.Deploy.0 = Release|x86
		{8E669C66-23C5-4ECA-A1CE-D633BD9FD481}.Debug|Any CPU.ActiveCfg = Debug|Any CPU
		{8E669C66-23C5-4ECA-A1CE-D633BD9FD481}.Debug|Any CPU.Build.0 = Debug|Any CPU
		{8E669C66-23C5-4ECA-A1CE-D633BD9FD481}.Debug|Any CPU.Deploy.0 = Debug|Any CPU
		{8E669C66-23C5-4ECA-A1CE-D633BD9FD481}.Debug|ARM.ActiveCfg = Debug|ARM
		{8E669C66-23C5-4ECA-A1CE-D633BD9FD481}.Debug|ARM.Build.0 = Debug|ARM
		{8E669C66-23C5-4ECA-A1CE-D633BD9FD481}.Debug|ARM.Deploy.0 = Debug|ARM
		{8E669C66-23C5-4ECA-A1CE-D633BD9FD481}.Debug|iPhone.ActiveCfg = Debug|Any CPU
		{8E669C66-23C5-4ECA-A1CE-D633BD9FD481}.Debug|iPhone.Build.0 = Debug|Any CPU
		{8E669C66-23C5-4ECA-A1CE-D633BD9FD481}.Debug|iPhone.Deploy.0 = Debug|Any CPU
		{8E669C66-23C5-4ECA-A1CE-D633BD9FD481}.Debug|iPhoneSimulator.ActiveCfg = Debug|Any CPU
		{8E669C66-23C5-4ECA-A1CE-D633BD9FD481}.Debug|iPhoneSimulator.Build.0 = Debug|Any CPU
		{8E669C66-23C5-4ECA-A1CE-D633BD9FD481}.Debug|iPhoneSimulator.Deploy.0 = Debug|Any CPU
		{8E669C66-23C5-4ECA-A1CE-D633BD9FD481}.Debug|x64.ActiveCfg = Debug|x64
		{8E669C66-23C5-4ECA-A1CE-D633BD9FD481}.Debug|x64.Build.0 = Debug|x64
		{8E669C66-23C5-4ECA-A1CE-D633BD9FD481}.Debug|x64.Deploy.0 = Debug|x64
		{8E669C66-23C5-4ECA-A1CE-D633BD9FD481}.Debug|x86.ActiveCfg = Debug|x86
		{8E669C66-23C5-4ECA-A1CE-D633BD9FD481}.Debug|x86.Build.0 = Debug|x86
		{8E669C66-23C5-4ECA-A1CE-D633BD9FD481}.Debug|x86.Deploy.0 = Debug|x86
		{8E669C66-23C5-4ECA-A1CE-D633BD9FD481}.Release|Any CPU.ActiveCfg = Release|Any CPU
		{8E669C66-23C5-4ECA-A1CE-D633BD9FD481}.Release|Any CPU.Build.0 = Release|Any CPU
		{8E669C66-23C5-4ECA-A1CE-D633BD9FD481}.Release|Any CPU.Deploy.0 = Release|Any CPU
		{8E669C66-23C5-4ECA-A1CE-D633BD9FD481}.Release|ARM.ActiveCfg = Release|ARM
		{8E669C66-23C5-4ECA-A1CE-D633BD9FD481}.Release|ARM.Build.0 = Release|ARM
		{8E669C66-23C5-4ECA-A1CE-D633BD9FD481}.Release|ARM.Deploy.0 = Release|ARM
		{8E669C66-23C5-4ECA-A1CE-D633BD9FD481}.Release|iPhone.ActiveCfg = Release|Any CPU
		{8E669C66-23C5-4ECA-A1CE-D633BD9FD481}.Release|iPhone.Build.0 = Release|Any CPU
		{8E669C66-23C5-4ECA-A1CE-D633BD9FD481}.Release|iPhone.Deploy.0 = Release|Any CPU
		{8E669C66-23C5-4ECA-A1CE-D633BD9FD481}.Release|iPhoneSimulator.ActiveCfg = Release|Any CPU
		{8E669C66-23C5-4ECA-A1CE-D633BD9FD481}.Release|iPhoneSimulator.Build.0 = Release|Any CPU
		{8E669C66-23C5-4ECA-A1CE-D633BD9FD481}.Release|iPhoneSimulator.Deploy.0 = Release|Any CPU
		{8E669C66-23C5-4ECA-A1CE-D633BD9FD481}.Release|x64.ActiveCfg = Release|x64
		{8E669C66-23C5-4ECA-A1CE-D633BD9FD481}.Release|x64.Build.0 = Release|x64
		{8E669C66-23C5-4ECA-A1CE-D633BD9FD481}.Release|x64.Deploy.0 = Release|x64
		{8E669C66-23C5-4ECA-A1CE-D633BD9FD481}.Release|x86.ActiveCfg = Release|x86
		{8E669C66-23C5-4ECA-A1CE-D633BD9FD481}.Release|x86.Build.0 = Release|x86
		{8E669C66-23C5-4ECA-A1CE-D633BD9FD481}.Release|x86.Deploy.0 = Release|x86
	EndGlobalSection
	GlobalSection(SolutionProperties) = preSolution
		HideSolutionNode = FALSE
	EndGlobalSection
EndGlobal
